
Microsoft Visual Studio Solution File, Format Version 12.00
# Visual Studio Version 17
VisualStudioVersion = 17.1.32319.34
MinimumVisualStudioVersion = 10.0.40219.1
Project("{FAE04EC0-301F-11D3-BF4B-00C04F79EFBC}") = "aspCRUD", "aspCRUD\aspCRUD.csproj", "{EA67D1BA-5175-49E3-825B-4E70FE783EE5}"
EndProject
Global
	GlobalSection(SolutionConfigurationPlatforms) = preSolution
		Debug|Any CPU = Debug|Any CPU
		Release|Any CPU = Release|Any CPU
	EndGlobalSection
	GlobalSection(ProjectConfigurationPlatforms) = postSolution
		{EA67D1BA-5175-49E3-825B-4E70FE783EE5}.Debug|Any CPU.ActiveCfg = Debug|Any CPU
		{EA67D1BA-5175-49E3-825B-4E70FE783EE5}.Debug|Any CPU.Build.0 = Debug|Any CPU
		{EA67D1BA-5175-49E3-825B-4E70FE783EE5}.Release|Any CPU.ActiveCfg = Release|Any CPU
		{EA67D1BA-5175-49E3-825B-4E70FE783EE5}.Release|Any CPU.Build.0 = Release|Any CPU
	EndGlobalSection
	GlobalSection(SolutionProperties) = preSolution
		HideSolutionNode = FALSE
	EndGlobalSection
	GlobalSection(ExtensibilityGlobals) = postSolution
		SolutionGuid = {68F05FFD-22A9-4483-803A-6ABADA2E568E}
	EndGlobalSection
EndGlobal
